// !$*UTF8*$!
{
	archiveVersion = 1;
	classes = {
	};
	objectVersion = 56;
	objects = {

/* Begin PBXBuildFile section */
		7BB94A502DBB92ED004858CF /* InventoryTrackerApp.swift in Sources */ = {isa = PBXBuildFile; fileRef = 7BB94A4F2DBB92ED004858CF /* InventoryTrackerApp.swift */; };
		7BB94A522DBB92ED004858CF /* ContentView.swift in Sources */ = {isa = PBXBuildFile; fileRef = 7BB94A512DBB92ED004858CF /* ContentView.swift */; };
		7BB94A542DBB92EF004858CF /* Assets.xcassets in Resources */ = {isa = PBXBuildFile; fileRef = 7BB94A532DBB92EF004858CF /* Assets.xcassets */; };
		7BB94A572DBB92EF004858CF /* Preview Assets.xcassets in Resources */ = {isa = PBXBuildFile; fileRef = 7BB94A562DBB92EF004858CF /* Preview Assets.xcassets */; };
		7BB94A612DBB92EF004858CF /* InventoryTrackerTests.swift in Sources */ = {isa = PBXBuildFile; fileRef = 7BB94A602DBB92EF004858CF /* InventoryTrackerTests.swift */; };
		7BB94A6B2DBB92EF004858CF /* InventoryTrackerUITests.swift in Sources */ = {isa = PBXBuildFile; fileRef = 7BB94A6A2DBB92EF004858CF /* InventoryTrackerUITests.swift */; };
		7BB94A6D2DBB92EF004858CF /* InventoryTrackerUITestsLaunchTests.swift in Sources */ = {isa = PBXBuildFile; fileRef = 7BB94A6C2DBB92EF004858CF /* InventoryTrackerUITestsLaunchTests.swift */; };
		7BB94A7A2DBB9370004858CF /* GoogleService-Info.plist in Resources */ = {isa = PBXBuildFile; fileRef = 7BB94A792DBB936F004858CF /* GoogleService-Info.plist */; };
		7BB94A882DBB9C7B004858CF /* FirebaseAnalytics in Frameworks */ = {isa = PBXBuildFile; productRef = 7BB94A872DBB9C7B004858CF /* FirebaseAnalytics */; };
		7BB94A8A2DBB9C7B004858CF /* FirebaseAnalyticsOnDeviceConversion in Frameworks */ = {isa = PBXBuildFile; productRef = 7BB94A892DBB9C7B004858CF /* FirebaseAnalyticsOnDeviceConversion */; };
		7BB94A8C2DBB9C7B004858CF /* FirebaseAnalyticsSwift in Frameworks */ = {isa = PBXBuildFile; productRef = 7BB94A8B2DBB9C7B004858CF /* FirebaseAnalyticsSwift */; };
		7BB94A8E2DBB9C7B004858CF /* FirebaseAnalyticsWithoutAdIdSupport in Frameworks */ = {isa = PBXBuildFile; productRef = 7BB94A8D2DBB9C7B004858CF /* FirebaseAnalyticsWithoutAdIdSupport */; };
		7BB94A902DBB9C7B004858CF /* FirebaseAppCheck in Frameworks */ = {isa = PBXBuildFile; productRef = 7BB94A8F2DBB9C7B004858CF /* FirebaseAppCheck */; };
		7BB94AE62DBBAA56004858CF /* FirebaseDatabase in Frameworks */ = {isa = PBXBuildFile; productRef = 7BB94AE52DBBAA56004858CF /* FirebaseDatabase */; };
		7BB94AE82DBBAA5F004858CF /* FirebaseDatabaseSwift in Frameworks */ = {isa = PBXBuildFile; productRef = 7BB94AE72DBBAA5F004858CF /* FirebaseDatabaseSwift */; };
		7BB94AEA2DBBAA6C004858CF /* FirebaseFirestore in Frameworks */ = {isa = PBXBuildFile; productRef = 7BB94AE92DBBAA6C004858CF /* FirebaseFirestore */; };
		7BB94AEC2DBBAA74004858CF /* FirebaseFirestoreSwift in Frameworks */ = {isa = PBXBuildFile; productRef = 7BB94AEB2DBBAA74004858CF /* FirebaseFirestoreSwift */; };
		7BB94AEE2DBD64BE004858CF /* InventoryItem.swift in Sources */ = {isa = PBXBuildFile; fileRef = 7BB94AED2DBD64BD004858CF /* InventoryItem.swift */; };
		7BB94AF02DBD662B004858CF /* InventoryViewModel.swift in Sources */ = {isa = PBXBuildFile; fileRef = 7BB94AEF2DBD662B004858CF /* InventoryViewModel.swift */; };
/* End PBXBuildFile section */

/* Begin PBXContainerItemProxy section */
		7BB94A5D2DBB92EF004858CF /* PBXContainerItemProxy */ = {
			isa = PBXContainerItemProxy;
			containerPortal = 7BB94A442DBB92ED004858CF /* Project object */;
			proxyType = 1;
			remoteGlobalIDString = 7BB94A4B2DBB92ED004858CF;
			remoteInfo = InventoryTracker;
		};
		7BB94A672DBB92EF004858CF /* PBXContainerItemProxy */ = {
			isa = PBXContainerItemProxy;
			containerPortal = 7BB94A442DBB92ED004858CF /* Project object */;
			proxyType = 1;
			remoteGlobalIDString = 7BB94A4B2DBB92ED004858CF;
			remoteInfo = InventoryTracker;
		};
/* End PBXContainerItemProxy section */

/* Begin PBXFileReference section */
		7BB94A4C2DBB92ED004858CF /* InventoryTracker.app */ = {isa = PBXFileReference; explicitFileType = wrapper.application; includeInIndex = 0; path = InventoryTracker.app; sourceTree = BUILT_PRODUCTS_DIR; };
		7BB94A4F2DBB92ED004858CF /* InventoryTrackerApp.swift */ = {isa = PBXFileReference; lastKnownFileType = sourcecode.swift; path = InventoryTrackerApp.swift; sourceTree = "<group>"; };
		7BB94A512DBB92ED004858CF /* ContentView.swift */ = {isa = PBXFileReference; lastKnownFileType = sourcecode.swift; path = ContentView.swift; sourceTree = "<group>"; };
		7BB94A532DBB92EF004858CF /* Assets.xcassets */ = {isa = PBXFileReference; lastKnownFileType = folder.assetcatalog; path = Assets.xcassets; sourceTree = "<group>"; };
		7BB94A562DBB92EF004858CF /* Preview Assets.xcassets */ = {isa = PBXFileReference; lastKnownFileType = folder.assetcatalog; path = "Preview Assets.xcassets"; sourceTree = "<group>"; };
		7BB94A5C2DBB92EF004858CF /* InventoryTrackerTests.xctest */ = {isa = PBXFileReference; explicitFileType = wrapper.cfbundle; includeInIndex = 0; path = InventoryTrackerTests.xctest; sourceTree = BUILT_PRODUCTS_DIR; };
		7BB94A602DBB92EF004858CF /* InventoryTrackerTests.swift */ = {isa = PBXFileReference; lastKnownFileType = sourcecode.swift; path = InventoryTrackerTests.swift; sourceTree = "<group>"; };
		7BB94A662DBB92EF004858CF /* InventoryTrackerUITests.xctest */ = {isa = PBXFileReference; explicitFileType = wrapper.cfbundle; includeInIndex = 0; path = InventoryTrackerUITests.xctest; sourceTree = BUILT_PRODUCTS_DIR; };
		7BB94A6A2DBB92EF004858CF /* InventoryTrackerUITests.swift */ = {isa = PBXFileReference; lastKnownFileType = sourcecode.swift; path = InventoryTrackerUITests.swift; sourceTree = "<group>"; };
		7BB94A6C2DBB92EF004858CF /* InventoryTrackerUITestsLaunchTests.swift */ = {isa = PBXFileReference; lastKnownFileType = sourcecode.swift; path = InventoryTrackerUITestsLaunchTests.swift; sourceTree = "<group>"; };
		7BB94A792DBB936F004858CF /* GoogleService-Info.plist */ = {isa = PBXFileReference; fileEncoding = 4; lastKnownFileType = text.plist.xml; name = "GoogleService-Info.plist"; path = "../../../../../Downloads/GoogleService-Info.plist"; sourceTree = "<group>"; };
		7BB94AED2DBD64BD004858CF /* InventoryItem.swift */ = {isa = PBXFileReference; lastKnownFileType = sourcecode.swift; path = InventoryItem.swift; sourceTree = "<group>"; };
		7BB94AEF2DBD662B004858CF /* InventoryViewModel.swift */ = {isa = PBXFileReference; lastKnownFileType = sourcecode.swift; path = InventoryViewModel.swift; sourceTree = "<group>"; };
/* End PBXFileReference section */

/* Begin PBXFrameworksBuildPhase section */
		7BB94A492DBB92ED004858CF /* Frameworks */ = {
			isa = PBXFrameworksBuildPhase;
			buildActionMask = 2147483647;
			files = (
				7BB94AE82DBBAA5F004858CF /* FirebaseDatabaseSwift in Frameworks */,
				7BB94AE62DBBAA56004858CF /* FirebaseDatabase in Frameworks */,
				7BB94A8C2DBB9C7B004858CF /* FirebaseAnalyticsSwift in Frameworks */,
				7BB94A882DBB9C7B004858CF /* FirebaseAnalytics in Frameworks */,
				7BB94A8A2DBB9C7B004858CF /* FirebaseAnalyticsOnDeviceConversion in Frameworks */,
				7BB94AEA2DBBAA6C004858CF /* FirebaseFirestore in Frameworks */,
				7BB94A902DBB9C7B004858CF /* FirebaseAppCheck in Frameworks */,
				7BB94A8E2DBB9C7B004858CF /* FirebaseAnalyticsWithoutAdIdSupport in Frameworks */,
				7BB94AEC2DBBAA74004858CF /* FirebaseFirestoreSwift in Frameworks */,
			);
			runOnlyForDeploymentPostprocessing = 0;
		};
		7BB94A592DBB92EF004858CF /* Frameworks */ = {
			isa = PBXFrameworksBuildPhase;
			buildActionMask = 2147483647;
			files = (
			);
			runOnlyForDeploymentPostprocessing = 0;
		};
		7BB94A632DBB92EF004858CF /* Frameworks */ = {
			isa = PBXFrameworksBuildPhase;
			buildActionMask = 2147483647;
			files = (
			);
			runOnlyForDeploymentPostprocessing = 0;
		};
/* End PBXFrameworksBuildPhase section */

/* Begin PBXGroup section */
		7BB94A432DBB92ED004858CF = {
			isa = PBXGroup;
			children = (
				7BB94A4E2DBB92ED004858CF /* InventoryTracker */,
				7BB94A5F2DBB92EF004858CF /* InventoryTrackerTests */,
				7BB94A692DBB92EF004858CF /* InventoryTrackerUITests */,
				7BB94A4D2DBB92ED004858CF /* Products */,
				7BB94AE42DBBAA56004858CF /* Frameworks */,
			);
			sourceTree = "<group>";
		};
		7BB94A4D2DBB92ED004858CF /* Products */ = {
			isa = PBXGroup;
			children = (
				7BB94A4C2DBB92ED004858CF /* InventoryTracker.app */,
				7BB94A5C2DBB92EF004858CF /* InventoryTrackerTests.xctest */,
				7BB94A662DBB92EF004858CF /* InventoryTrackerUITests.xctest */,
			);
			name = Products;
			sourceTree = "<group>";
		};
		7BB94A4E2DBB92ED004858CF /* InventoryTracker */ = {
			isa = PBXGroup;
			children = (
				7BB94A4F2DBB92ED004858CF /* InventoryTrackerApp.swift */,
				7BB94AED2DBD64BD004858CF /* InventoryItem.swift */,
				7BB94AEF2DBD662B004858CF /* InventoryViewModel.swift */,
				7BB94A792DBB936F004858CF /* GoogleService-Info.plist */,
				7BB94A512DBB92ED004858CF /* ContentView.swift */,
				7BB94A532DBB92EF004858CF /* Assets.xcassets */,
				7BB94A552DBB92EF004858CF /* Preview Content */,
			);
			path = InventoryTracker;
			sourceTree = "<group>";
		};
		7BB94A552DBB92EF004858CF /* Preview Content */ = {
			isa = PBXGroup;
			children = (
				7BB94A562DBB92EF004858CF /* Preview Assets.xcassets */,
			);
			path = "Preview Content";
			sourceTree = "<group>";
		};
		7BB94A5F2DBB92EF004858CF /* InventoryTrackerTests */ = {
			isa = PBXGroup;
			children = (
				7BB94A602DBB92EF004858CF /* InventoryTrackerTests.swift */,
			);
			path = InventoryTrackerTests;
			sourceTree = "<group>";
		};
		7BB94A692DBB92EF004858CF /* InventoryTrackerUITests */ = {
			isa = PBXGroup;
			children = (
				7BB94A6A2DBB92EF004858CF /* InventoryTrackerUITests.swift */,
				7BB94A6C2DBB92EF004858CF /* InventoryTrackerUITestsLaunchTests.swift */,
			);
			path = InventoryTrackerUITests;
			sourceTree = "<group>";
		};
		7BB94AE42DBBAA56004858CF /* Frameworks */ = {
			isa = PBXGroup;
			children = (
			);
			name = Frameworks;
			sourceTree = "<group>";
		};
/* End PBXGroup section */

/* Begin PBXNativeTarget section */
		7BB94A4B2DBB92ED004858CF /* InventoryTracker */ = {
			isa = PBXNativeTarget;
			buildConfigurationList = 7BB94A702DBB92EF004858CF /* Build configuration list for PBXNativeTarget "InventoryTracker" */;
			buildPhases = (
				7BB94A482DBB92ED004858CF /* Sources */,
				7BB94A492DBB92ED004858CF /* Frameworks */,
				7BB94A4A2DBB92ED004858CF /* Resources */,
			);
			buildRules = (
			);
			dependencies = (
			);
			name = InventoryTracker;
			packageProductDependencies = (
				7BB94A872DBB9C7B004858CF /* FirebaseAnalytics */,
				7BB94A892DBB9C7B004858CF /* FirebaseAnalyticsOnDeviceConversion */,
				7BB94A8B2DBB9C7B004858CF /* FirebaseAnalyticsSwift */,
				7BB94A8D2DBB9C7B004858CF /* FirebaseAnalyticsWithoutAdIdSupport */,
				7BB94A8F2DBB9C7B004858CF /* FirebaseAppCheck */,
				7BB94AE52DBBAA56004858CF /* FirebaseDatabase */,
				7BB94AE72DBBAA5F004858CF /* FirebaseDatabaseSwift */,
				7BB94AE92DBBAA6C004858CF /* FirebaseFirestore */,
				7BB94AEB2DBBAA74004858CF /* FirebaseFirestoreSwift */,
			);
			productName = InventoryTracker;
			productReference = 7BB94A4C2DBB92ED004858CF /* InventoryTracker.app */;
			productType = "com.apple.product-type.application";
		};
		7BB94A5B2DBB92EF004858CF /* InventoryTrackerTests */ = {
			isa = PBXNativeTarget;
			buildConfigurationList = 7BB94A732DBB92EF004858CF /* Build configuration list for PBXNativeTarget "InventoryTrackerTests" */;
			buildPhases = (
				7BB94A582DBB92EF004858CF /* Sources */,
				7BB94A592DBB92EF004858CF /* Frameworks */,
				7BB94A5A2DBB92EF004858CF /* Resources */,
			);
			buildRules = (
			);
			dependencies = (
				7BB94A5E2DBB92EF004858CF /* PBXTargetDependency */,
			);
			name = InventoryTrackerTests;
			productName = InventoryTrackerTests;
			productReference = 7BB94A5C2DBB92EF004858CF /* InventoryTrackerTests.xctest */;
			productType = "com.apple.product-type.bundle.unit-test";
		};
		7BB94A652DBB92EF004858CF /* InventoryTrackerUITests */ = {
			isa = PBXNativeTarget;
			buildConfigurationList = 7BB94A762DBB92EF004858CF /* Build configuration list for PBXNativeTarget "InventoryTrackerUITests" */;
			buildPhases = (
				7BB94A622DBB92EF004858CF /* Sources */,
				7BB94A632DBB92EF004858CF /* Frameworks */,
				7BB94A642DBB92EF004858CF /* Resources */,
			);
			buildRules = (
			);
			dependencies = (
				7BB94A682DBB92EF004858CF /* PBXTargetDependency */,
			);
			name = InventoryTrackerUITests;
			productName = InventoryTrackerUITests;
			productReference = 7BB94A662DBB92EF004858CF /* InventoryTrackerUITests.xctest */;
			productType = "com.apple.product-type.bundle.ui-testing";
		};
/* End PBXNativeTarget section */

/* Begin PBXProject section */
		7BB94A442DBB92ED004858CF /* Project object */ = {
			isa = PBXProject;
			attributes = {
				BuildIndependentTargetsInParallel = 1;
				LastSwiftUpdateCheck = 1520;
				LastUpgradeCheck = 1520;
				TargetAttributes = {
					7BB94A4B2DBB92ED004858CF = {
						CreatedOnToolsVersion = 15.2;
					};
					7BB94A5B2DBB92EF004858CF = {
						CreatedOnToolsVersion = 15.2;
						TestTargetID = 7BB94A4B2DBB92ED004858CF;
					};
					7BB94A652DBB92EF004858CF = {
						CreatedOnToolsVersion = 15.2;
						TestTargetID = 7BB94A4B2DBB92ED004858CF;
					};
				};
			};
			buildConfigurationList = 7BB94A472DBB92ED004858CF /* Build configuration list for PBXProject "InventoryTracker" */;
			compatibilityVersion = "Xcode 14.0";
			developmentRegion = en;
			hasScannedForEncodings = 0;
			knownRegions = (
				en,
				Base,
			);
			mainGroup = 7BB94A432DBB92ED004858CF;
			packageReferences = (
				7BB94A862DBB9C7B004858CF /* XCRemoteSwiftPackageReference "firebase-ios-sdk" */,
			);
			productRefGroup = 7BB94A4D2DBB92ED004858CF /* Products */;
			projectDirPath = "";
			projectRoot = "";
			targets = (
				7BB94A4B2DBB92ED004858CF /* InventoryTracker */,
				7BB94A5B2DBB92EF004858CF /* InventoryTrackerTests */,
				7BB94A652DBB92EF004858CF /* InventoryTrackerUITests */,
			);
		};
/* End PBXProject section */

/* Begin PBXResourcesBuildPhase section */
		7BB94A4A2DBB92ED004858CF /* Resources */ = {
			isa = PBXResourcesBuildPhase;
			buildActionMask = 2147483647;
			files = (
				7BB94A572DBB92EF004858CF /* Preview Assets.xcassets in Resources */,
				7BB94A542DBB92EF004858CF /* Assets.xcassets in Resources */,
				7BB94A7A2DBB9370004858CF /* GoogleService-Info.plist in Resources */,
			);
			runOnlyForDeploymentPostprocessing = 0;
		};
		7BB94A5A2DBB92EF004858CF /* Resources */ = {
			isa = PBXResourcesBuildPhase;
			buildActionMask = 2147483647;
			files = (
			);
			runOnlyForDeploymentPostprocessing = 0;
		};
		7BB94A642DBB92EF004858CF /* Resources */ = {
			isa = PBXResourcesBuildPhase;
			buildActionMask = 2147483647;
			files = (
			);
			runOnlyForDeploymentPostprocessing = 0;
		};
/* End PBXResourcesBuildPhase section */

/* Begin PBXSourcesBuildPhase section */
		7BB94A482DBB92ED004858CF /* Sources */ = {
			isa = PBXSourcesBuildPhase;
			buildActionMask = 2147483647;
			files = (
				7BB94AEE2DBD64BE004858CF /* InventoryItem.swift in Sources */,
				7BB94AF02DBD662B004858CF /* InventoryViewModel.swift in Sources */,
				7BB94A522DBB92ED004858CF /* ContentView.swift in Sources */,
				7BB94A502DBB92ED004858CF /* InventoryTrackerApp.swift in Sources */,
			);
			runOnlyForDeploymentPostprocessing = 0;
		};
		7BB94A582DBB92EF004858CF /* Sources */ = {
			isa = PBXSourcesBuildPhase;
			buildActionMask = 2147483647;
			files = (
				7BB94A612DBB92EF004858CF /* InventoryTrackerTests.swift in Sources */,
			);
			runOnlyForDeploymentPostprocessing = 0;
		};
		7BB94A622DBB92EF004858CF /* Sources */ = {
			isa = PBXSourcesBuildPhase;
			buildActionMask = 2147483647;
			files = (
				7BB94A6D2DBB92EF004858CF /* InventoryTrackerUITestsLaunchTests.swift in Sources */,
				7BB94A6B2DBB92EF004858CF /* InventoryTrackerUITests.swift in Sources */,
			);
			runOnlyForDeploymentPostprocessing = 0;
		};
/* End PBXSourcesBuildPhase section */

/* Begin PBXTargetDependency section */
		7BB94A5E2DBB92EF004858CF /* PBXTargetDependency */ = {
			isa = PBXTargetDependency;
			target = 7BB94A4B2DBB92ED004858CF /* InventoryTracker */;
			targetProxy = 7BB94A5D2DBB92EF004858CF /* PBXContainerItemProxy */;
		};
		7BB94A682DBB92EF004858CF /* PBXTargetDependency */ = {
			isa = PBXTargetDependency;
			target = 7BB94A4B2DBB92ED004858CF /* InventoryTracker */;
			targetProxy = 7BB94A672DBB92EF004858CF /* PBXContainerItemProxy */;
		};
/* End PBXTargetDependency section */

/* Begin XCBuildConfiguration section */
		7BB94A6E2DBB92EF004858CF /* Debug */ = {
			isa = XCBuildConfiguration;
			buildSettings = {
				ALWAYS_SEARCH_USER_PATHS = NO;
				ASSETCATALOG_COMPILER_GENERATE_SWIFT_ASSET_SYMBOL_EXTENSIONS = YES;
				CLANG_ANALYZER_NONNULL = YES;
				CLANG_ANALYZER_NUMBER_OBJECT_CONVERSION = YES_AGGRESSIVE;
				CLANG_CXX_LANGUAGE_STANDARD = "gnu++20";
				CLANG_ENABLE_MODULES = YES;
				CLANG_ENABLE_OBJC_ARC = YES;
				CLANG_ENABLE_OBJC_WEAK = YES;
				CLANG_WARN_BLOCK_CAPTURE_AUTORELEASING = YES;
				CLANG_WARN_BOOL_CONVERSION = YES;
				CLANG_WARN_COMMA = YES;
				CLANG_WARN_CONSTANT_CONVERSION = YES;
				CLANG_WARN_DEPRECATED_OBJC_IMPLEMENTATIONS = YES;
				CLANG_WARN_DIRECT_OBJC_ISA_USAGE = YES_ERROR;
				CLANG_WARN_DOCUMENTATION_COMMENTS = YES;
				CLANG_WARN_EMPTY_BODY = YES;
				CLANG_WARN_ENUM_CONVERSION = YES;
				CLANG_WARN_INFINITE_RECURSION = YES;
				CLANG_WARN_INT_CONVERSION = YES;
				CLANG_WARN_NON_LITERAL_NULL_CONVERSION = YES;
				CLANG_WARN_OBJC_IMPLICIT_RETAIN_SELF = YES;
				CLANG_WARN_OBJC_LITERAL_CONVERSION = YES;
				CLANG_WARN_OBJC_ROOT_CLASS = YES_ERROR;
				CLANG_WARN_QUOTED_INCLUDE_IN_FRAMEWORK_HEADER = YES;
				CLANG_WARN_RANGE_LOOP_ANALYSIS = YES;
				CLANG_WARN_STRICT_PROTOTYPES = YES;
				CLANG_WARN_SUSPICIOUS_MOVE = YES;
				CLANG_WARN_UNGUARDED_AVAILABILITY = YES_AGGRESSIVE;
				CLANG_WARN_UNREACHABLE_CODE = YES;
				CLANG_WARN__DUPLICATE_METHOD_MATCH = YES;
				COPY_PHASE_STRIP = NO;
				DEBUG_INFORMATION_FORMAT = dwarf;
				ENABLE_STRICT_OBJC_MSGSEND = YES;
				ENABLE_TESTABILITY = YES;
				ENABLE_USER_SCRIPT_SANDBOXING = YES;
				GCC_C_LANGUAGE_STANDARD = gnu17;
				GCC_DYNAMIC_NO_PIC = NO;
				GCC_NO_COMMON_BLOCKS = YES;
				GCC_OPTIMIZATION_LEVEL = 0;
				GCC_PREPROCESSOR_DEFINITIONS = (
					"DEBUG=1",
					"$(inherited)",
				);
				GCC_WARN_64_TO_32_BIT_CONVERSION = YES;
				GCC_WARN_ABOUT_RETURN_TYPE = YES_ERROR;
				GCC_WARN_UNDECLARED_SELECTOR = YES;
				GCC_WARN_UNINITIALIZED_AUTOS = YES_AGGRESSIVE;
				GCC_WARN_UNUSED_FUNCTION = YES;
				GCC_WARN_UNUSED_VARIABLE = YES;
				IPHONEOS_DEPLOYMENT_TARGET = 17.2;
				LOCALIZATION_PREFERS_STRING_CATALOGS = YES;
				MTL_ENABLE_DEBUG_INFO = INCLUDE_SOURCE;
				MTL_FAST_MATH = YES;
				ONLY_ACTIVE_ARCH = YES;
				SDKROOT = iphoneos;
				SWIFT_ACTIVE_COMPILATION_CONDITIONS = "DEBUG $(inherited)";
				SWIFT_OPTIMIZATION_LEVEL = "-Onone";
			};
			name = Debug;
		};
		7BB94A6F2DBB92EF004858CF /* Release */ = {
			isa = XCBuildConfiguration;
			buildSettings = {
				ALWAYS_SEARCH_USER_PATHS = NO;
				ASSETCATALOG_COMPILER_GENERATE_SWIFT_ASSET_SYMBOL_EXTENSIONS = YES;
				CLANG_ANALYZER_NONNULL = YES;
				CLANG_ANALYZER_NUMBER_OBJECT_CONVERSION = YES_AGGRESSIVE;
				CLANG_CXX_LANGUAGE_STANDARD = "gnu++20";
				CLANG_ENABLE_MODULES = YES;
				CLANG_ENABLE_OBJC_ARC = YES;
				CLANG_ENABLE_OBJC_WEAK = YES;
				CLANG_WARN_BLOCK_CAPTURE_AUTORELEASING = YES;
				CLANG_WARN_BOOL_CONVERSION = YES;
				CLANG_WARN_COMMA = YES;
				CLANG_WARN_CONSTANT_CONVERSION = YES;
				CLANG_WARN_DEPRECATED_OBJC_IMPLEMENTATIONS = YES;
				CLANG_WARN_DIRECT_OBJC_ISA_USAGE = YES_ERROR;
				CLANG_WARN_DOCUMENTATION_COMMENTS = YES;
				CLANG_WARN_EMPTY_BODY = YES;
				CLANG_WARN_ENUM_CONVERSION = YES;
				CLANG_WARN_INFINITE_RECURSION = YES;
				CLANG_WARN_INT_CONVERSION = YES;
				CLANG_WARN_NON_LITERAL_NULL_CONVERSION = YES;
				CLANG_WARN_OBJC_IMPLICIT_RETAIN_SELF = YES;
				CLANG_WARN_OBJC_LITERAL_CONVERSION = YES;
				CLANG_WARN_OBJC_ROOT_CLASS = YES_ERROR;
				CLANG_WARN_QUOTED_INCLUDE_IN_FRAMEWORK_HEADER = YES;
				CLANG_WARN_RANGE_LOOP_ANALYSIS = YES;
				CLANG_WARN_STRICT_PROTOTYPES = YES;
				CLANG_WARN_SUSPICIOUS_MOVE = YES;
				CLANG_WARN_UNGUARDED_AVAILABILITY = YES_AGGRESSIVE;
				CLANG_WARN_UNREACHABLE_CODE = YES;
				CLANG_WARN__DUPLICATE_METHOD_MATCH = YES;
				COPY_PHASE_STRIP = NO;
				DEBUG_INFORMATION_FORMAT = "dwarf-with-dsym";
				ENABLE_NS_ASSERTIONS = NO;
				ENABLE_STRICT_OBJC_MSGSEND = YES;
				ENABLE_USER_SCRIPT_SANDBOXING = YES;
				GCC_C_LANGUAGE_STANDARD = gnu17;
				GCC_NO_COMMON_BLOCKS = YES;
				GCC_WARN_64_TO_32_BIT_CONVERSION = YES;
				GCC_WARN_ABOUT_RETURN_TYPE = YES_ERROR;
				GCC_WARN_UNDECLARED_SELECTOR = YES;
				GCC_WARN_UNINITIALIZED_AUTOS = YES_AGGRESSIVE;
				GCC_WARN_UNUSED_FUNCTION = YES;
				GCC_WARN_UNUSED_VARIABLE = YES;
				IPHONEOS_DEPLOYMENT_TARGET = 17.2;
				LOCALIZATION_PREFERS_STRING_CATALOGS = YES;
				MTL_ENABLE_DEBUG_INFO = NO;
				MTL_FAST_MATH = YES;
				SDKROOT = iphoneos;
				SWIFT_COMPILATION_MODE = wholemodule;
				VALIDATE_PRODUCT = YES;
			};
			name = Release;
		};
		7BB94A712DBB92EF004858CF /* Debug */ = {
			isa = XCBuildConfiguration;
			buildSettings = {
				ASSETCATALOG_COMPILER_APPICON_NAME = AppIcon;
				ASSETCATALOG_COMPILER_GLOBAL_ACCENT_COLOR_NAME = AccentColor;
				CODE_SIGN_STYLE = Automatic;
				CURRENT_PROJECT_VERSION = 1;
				DEVELOPMENT_ASSET_PATHS = "\"InventoryTracker/Preview Content\"";
				ENABLE_PREVIEWS = YES;
				GENERATE_INFOPLIST_FILE = YES;
				INFOPLIST_KEY_UIApplicationSceneManifest_Generation = YES;
				INFOPLIST_KEY_UIApplicationSupportsIndirectInputEvents = YES;
				INFOPLIST_KEY_UILaunchScreen_Generation = YES;
				INFOPLIST_KEY_UISupportedInterfaceOrientations_iPad = "UIInterfaceOrientationPortrait UIInterfaceOrientationPortraitUpsideDown UIInterfaceOrientationLandscapeLeft UIInterfaceOrientationLandscapeRight";
				INFOPLIST_KEY_UISupportedInterfaceOrientations_iPhone = "UIInterfaceOrientationPortrait UIInterfaceOrientationLandscapeLeft UIInterfaceOrientationLandscapeRight";
				LD_RUNPATH_SEARCH_PATHS = (
					"$(inherited)",
					"@executable_path/Frameworks",
				);
				MARKETING_VERSION = 1.0;
				PRODUCT_BUNDLE_IDENTIFIER = com.bk.InventoryTracker;
				PRODUCT_NAME = "$(TARGET_NAME)";
				SWIFT_EMIT_LOC_STRINGS = YES;
				SWIFT_VERSION = 5.0;
				TARGETED_DEVICE_FAMILY = "1,2";
			};
			name = Debug;
		};
		7BB94A722DBB92EF004858CF /* Release */ = {
			isa = XCBuildConfiguration;
			buildSettings = {
				ASSETCATALOG_COMPILER_APPICON_NAME = AppIcon;
				ASSETCATALOG_COMPILER_GLOBAL_ACCENT_COLOR_NAME = AccentColor;
				CODE_SIGN_STYLE = Automatic;
				CURRENT_PROJECT_VERSION = 1;
				DEVELOPMENT_ASSET_PATHS = "\"InventoryTracker/Preview Content\"";
				ENABLE_PREVIEWS = YES;
				GENERATE_INFOPLIST_FILE = YES;
				INFOPLIST_KEY_UIApplicationSceneManifest_Generation = YES;
				INFOPLIST_KEY_UIApplicationSupportsIndirectInputEvents = YES;
				INFOPLIST_KEY_UILaunchScreen_Generation = YES;
				INFOPLIST_KEY_UISupportedInterfaceOrientations_iPad = "UIInterfaceOrientationPortrait UIInterfaceOrientationPortraitUpsideDown UIInterfaceOrientationLandscapeLeft UIInterfaceOrientationLandscapeRight";
				INFOPLIST_KEY_UISupportedInterfaceOrientations_iPhone = "UIInterfaceOrientationPortrait UIInterfaceOrientationLandscapeLeft UIInterfaceOrientationLandscapeRight";
				LD_RUNPATH_SEARCH_PATHS = (
					"$(inherited)",
					"@executable_path/Frameworks",
				);
				MARKETING_VERSION = 1.0;
				PRODUCT_BUNDLE_IDENTIFIER = com.bk.InventoryTracker;
				PRODUCT_NAME = "$(TARGET_NAME)";
				SWIFT_EMIT_LOC_STRINGS = YES;
				SWIFT_VERSION = 5.0;
				TARGETED_DEVICE_FAMILY = "1,2";
			};
			name = Release;
		};
		7BB94A742DBB92EF004858CF /* Debug */ = {
			isa = XCBuildConfiguration;
			buildSettings = {
				ALWAYS_EMBED_SWIFT_STANDARD_LIBRARIES = YES;
				BUNDLE_LOADER = "$(TEST_HOST)";
				CODE_SIGN_STYLE = Automatic;
				CURRENT_PROJECT_VERSION = 1;
				GENERATE_INFOPLIST_FILE = YES;
				IPHONEOS_DEPLOYMENT_TARGET = 17.2;
				MARKETING_VERSION = 1.0;
				PRODUCT_BUNDLE_IDENTIFIER = com.bk.InventoryTrackerTests;
				PRODUCT_NAME = "$(TARGET_NAME)";
				SWIFT_EMIT_LOC_STRINGS = NO;
				SWIFT_VERSION = 5.0;
				TARGETED_DEVICE_FAMILY = "1,2";
				TEST_HOST = "$(BUILT_PRODUCTS_DIR)/InventoryTracker.app/$(BUNDLE_EXECUTABLE_FOLDER_PATH)/InventoryTracker";
			};
			name = Debug;
		};
		7BB94A752DBB92EF004858CF /* Release */ = {
			isa = XCBuildConfiguration;
			buildSettings = {
				ALWAYS_EMBED_SWIFT_STANDARD_LIBRARIES = YES;
				BUNDLE_LOADER = "$(TEST_HOST)";
				CODE_SIGN_STYLE = Automatic;
				CURRENT_PROJECT_VERSION = 1;
				GENERATE_INFOPLIST_FILE = YES;
				IPHONEOS_DEPLOYMENT_TARGET = 17.2;
				MARKETING_VERSION = 1.0;
				PRODUCT_BUNDLE_IDENTIFIER = com.bk.InventoryTrackerTests;
				PRODUCT_NAME = "$(TARGET_NAME)";
				SWIFT_EMIT_LOC_STRINGS = NO;
				SWIFT_VERSION = 5.0;
				TARGETED_DEVICE_FAMILY = "1,2";
				TEST_HOST = "$(BUILT_PRODUCTS_DIR)/InventoryTracker.app/$(BUNDLE_EXECUTABLE_FOLDER_PATH)/InventoryTracker";
			};
			name = Release;
		};
		7BB94A772DBB92EF004858CF /* Debug */ = {
			isa = XCBuildConfiguration;
			buildSettings = {
				ALWAYS_EMBED_SWIFT_STANDARD_LIBRARIES = YES;
				CODE_SIGN_STYLE = Automatic;
				CURRENT_PROJECT_VERSION = 1;
				GENERATE_INFOPLIST_FILE = YES;
				MARKETING_VERSION = 1.0;
				PRODUCT_BUNDLE_IDENTIFIER = com.bk.InventoryTrackerUITests;
				PRODUCT_NAME = "$(TARGET_NAME)";
				SWIFT_EMIT_LOC_STRINGS = NO;
				SWIFT_VERSION = 5.0;
				TARGETED_DEVICE_FAMILY = "1,2";
				TEST_TARGET_NAME = InventoryTracker;
			};
			name = Debug;
		};
		7BB94A782DBB92EF004858CF /* Release */ = {
			isa = XCBuildConfiguration;
			buildSettings = {
				ALWAYS_EMBED_SWIFT_STANDARD_LIBRARIES = YES;
				CODE_SIGN_STYLE = Automatic;
				CURRENT_PROJECT_VERSION = 1;
				GENERATE_INFOPLIST_FILE = YES;
				MARKETING_VERSION = 1.0;
				PRODUCT_BUNDLE_IDENTIFIER = com.bk.InventoryTrackerUITests;
				PRODUCT_NAME = "$(TARGET_NAME)";
				SWIFT_EMIT_LOC_STRINGS = NO;
				SWIFT_VERSION = 5.0;
				TARGETED_DEVICE_FAMILY = "1,2";
				TEST_TARGET_NAME = InventoryTracker;
			};
			name = Release;
		};
/* End XCBuildConfiguration section */

/* Begin XCConfigurationList section */
		7BB94A472DBB92ED004858CF /* Build configuration list for PBXProject "InventoryTracker" */ = {
			isa = XCConfigurationList;
			buildConfigurations = (
				7BB94A6E2DBB92EF004858CF /* Debug */,
				7BB94A6F2DBB92EF004858CF /* Release */,
			);
			defaultConfigurationIsVisible = 0;
			defaultConfigurationName = Release;
		};
		7BB94A702DBB92EF004858CF /* Build configuration list for PBXNativeTarget "InventoryTracker" */ = {
			isa = XCConfigurationList;
			buildConfigurations = (
				7BB94A712DBB92EF004858CF /* Debug */,
				7BB94A722DBB92EF004858CF /* Release */,
			);
			defaultConfigurationIsVisible = 0;
			defaultConfigurationName = Release;
		};
		7BB94A732DBB92EF004858CF /* Build configuration list for PBXNativeTarget "InventoryTrackerTests" */ = {
			isa = XCConfigurationList;
			buildConfigurations = (
				7BB94A742DBB92EF004858CF /* Debug */,
				7BB94A752DBB92EF004858CF /* Release */,
			);
			defaultConfigurationIsVisible = 0;
			defaultConfigurationName = Release;
		};
		7BB94A762DBB92EF004858CF /* Build configuration list for PBXNativeTarget "InventoryTrackerUITests" */ = {
			isa = XCConfigurationList;
			buildConfigurations = (
				7BB94A772DBB92EF004858CF /* Debug */,
				7BB94A782DBB92EF004858CF /* Release */,
			);
			defaultConfigurationIsVisible = 0;
			defaultConfigurationName = Release;
		};
/* End XCConfigurationList section */

/* Begin XCRemoteSwiftPackageReference section */
		7BB94A862DBB9C7B004858CF /* XCRemoteSwiftPackageReference "firebase-ios-sdk" */ = {
			isa = XCRemoteSwiftPackageReference;
			repositoryURL = "https://github.com/firebase/firebase-ios-sdk";
			requirement = {
				kind = exactVersion;
				version = 10.0.0;
			};
		};
/* End XCRemoteSwiftPackageReference section */

/* Begin XCSwiftPackageProductDependency section */
		7BB94A872DBB9C7B004858CF /* FirebaseAnalytics */ = {
			isa = XCSwiftPackageProductDependency;
			package = 7BB94A862DBB9C7B004858CF /* XCRemoteSwiftPackageReference "firebase-ios-sdk" */;
			productName = FirebaseAnalytics;
		};
		7BB94A892DBB9C7B004858CF /* FirebaseAnalyticsOnDeviceConversion */ = {
			isa = XCSwiftPackageProductDependency;
			package = 7BB94A862DBB9C7B004858CF /* XCRemoteSwiftPackageReference "firebase-ios-sdk" */;
			productName = FirebaseAnalyticsOnDeviceConversion;
		};
		7BB94A8B2DBB9C7B004858CF /* FirebaseAnalyticsSwift */ = {
			isa = XCSwiftPackageProductDependency;
			package = 7BB94A862DBB9C7B004858CF /* XCRemoteSwiftPackageReference "firebase-ios-sdk" */;
			productName = FirebaseAnalyticsSwift;
		};
		7BB94A8D2DBB9C7B004858CF /* FirebaseAnalyticsWithoutAdIdSupport */ = {
			isa = XCSwiftPackageProductDependency;
			package = 7BB94A862DBB9C7B004858CF /* XCRemoteSwiftPackageReference "firebase-ios-sdk" */;
			productName = FirebaseAnalyticsWithoutAdIdSupport;
		};
		7BB94A8F2DBB9C7B004858CF /* FirebaseAppCheck */ = {
			isa = XCSwiftPackageProductDependency;
			package = 7BB94A862DBB9C7B004858CF /* XCRemoteSwiftPackageReference "firebase-ios-sdk" */;
			productName = FirebaseAppCheck;
		};
		7BB94AE52DBBAA56004858CF /* FirebaseDatabase */ = {
			isa = XCSwiftPackageProductDependency;
			package = 7BB94A862DBB9C7B004858CF /* XCRemoteSwiftPackageReference "firebase-ios-sdk" */;
			productName = FirebaseDatabase;
		};
		7BB94AE72DBBAA5F004858CF /* FirebaseDatabaseSwift */ = {
			isa = XCSwiftPackageProductDependency;
			package = 7BB94A862DBB9C7B004858CF /* XCRemoteSwiftPackageReference "firebase-ios-sdk" */;
			productName = FirebaseDatabaseSwift;
		};
		7BB94AE92DBBAA6C004858CF /* FirebaseFirestore */ = {
			isa = XCSwiftPackageProductDependency;
			package = 7BB94A862DBB9C7B004858CF /* XCRemoteSwiftPackageReference "firebase-ios-sdk" */;
			productName = FirebaseFirestore;
		};
		7BB94AEB2DBBAA74004858CF /* FirebaseFirestoreSwift */ = {
			isa = XCSwiftPackageProductDependency;
			package = 7BB94A862DBB9C7B004858CF /* XCRemoteSwiftPackageReference "firebase-ios-sdk" */;
			productName = FirebaseFirestoreSwift;
		};
/* End XCSwiftPackageProductDependency section */
	};
	rootObject = 7BB94A442DBB92ED004858CF /* Project object */;
}
